
Microsoft Visual Studio Solution File, Format Version 12.00
# Visual Studio Version 16
VisualStudioVersion = 16.0.31624.102
MinimumVisualStudioVersion = 10.0.40219.1
Project("{2150E333-8FDC-42A3-9474-1A3956D46DE8}") = "Solution Items", "Solution Items", "{61A3806D-6BAC-4C79-80FA-D3D00B95DE63}"
	ProjectSection(SolutionItems) = preProject
		README.md = README.md
	EndProjectSection
EndProject
Project("{FAE04EC0-301F-11D3-BF4B-00C04F79EFBC}") = "MyBlazorServerSideApp", "MyBlazorServerSideApp\MyBlazorServerSideApp.csproj", "{65D249C8-BBEA-42A7-B8BD-5AD74BA6BC99}"
EndProject
Project("{FAE04EC0-301F-11D3-BF4B-00C04F79EFBC}") = "MyBlazorWASMApp", "MyBlazorWASMApp\MyBlazorWASMApp.csproj", "{4DD6DFED-8348-4687-9F4B-66DEEEFF0304}"
EndProject
Global
	GlobalSection(SolutionConfigurationPlatforms) = preSolution
		Debug|Any CPU = Debug|Any CPU
		Release|Any CPU = Release|Any CPU
	EndGlobalSection
	GlobalSection(ProjectConfigurationPlatforms) = postSolution
		{65D249C8-BBEA-42A7-B8BD-5AD74BA6BC99}.Debug|Any CPU.ActiveCfg = Debug|Any CPU
		{65D249C8-BBEA-42A7-B8BD-5AD74BA6BC99}.Debug|Any CPU.Build.0 = Debug|Any CPU
		{65D249C8-BBEA-42A7-B8BD-5AD74BA6BC99}.Release|Any CPU.ActiveCfg = Release|Any CPU
		{65D249C8-BBEA-42A7-B8BD-5AD74BA6BC99}.Release|Any CPU.Build.0 = Release|Any CPU
		{4DD6DFED-8348-4687-9F4B-66DEEEFF0304}.Debug|Any CPU.ActiveCfg = Debug|Any CPU
		{4DD6DFED-8348-4687-9F4B-66DEEEFF0304}.Debug|Any CPU.Build.0 = Debug|Any CPU
		{4DD6DFED-8348-4687-9F4B-66DEEEFF0304}.Release|Any CPU.ActiveCfg = Release|Any CPU
		{4DD6DFED-8348-4687-9F4B-66DEEEFF0304}.Release|Any CPU.Build.0 = Release|Any CPU
	EndGlobalSection
	GlobalSection(SolutionProperties) = preSolution
		HideSolutionNode = FALSE
	EndGlobalSection
	GlobalSection(ExtensibilityGlobals) = postSolution
		SolutionGuid = {114657E2-95CA-4C31-87DC-9398A7A43BF5}
	EndGlobalSection
EndGlobal
